
Microsoft Visual Studio Solution File, Format Version 12.00
# Visual Studio Version 16
VisualStudioVersion = 16.0.30804.86
MinimumVisualStudioVersion = 10.0.40219.1
Project("{FAE04EC0-301F-11D3-BF4B-00C04F79EFBC}") = "BranchingAndDatabasePractice", "BranchingAndDatabasePractice\BranchingAndDatabasePractice.csproj", "{6C9C41B5-1E4A-4793-BD34-278450A3C8EE}"
EndProject
Project("{00D1A9C2-B5F0-4AF3-8072-F6C62B433612}") = "EquipmentDB", "EquipmentDB\EquipmentDB.sqlproj", "{FDACD6DD-59B8-4928-A717-7139C2495F5D}"
EndProject
Global
	GlobalSection(SolutionConfigurationPlatforms) = preSolution
		Debug|Any CPU = Debug|Any CPU
		Release|Any CPU = Release|Any CPU
	EndGlobalSection
	GlobalSection(ProjectConfigurationPlatforms) = postSolution
		{6C9C41B5-1E4A-4793-BD34-278450A3C8EE}.Debug|Any CPU.ActiveCfg = Debug|Any CPU
		{6C9C41B5-1E4A-4793-BD34-278450A3C8EE}.Debug|Any CPU.Build.0 = Debug|Any CPU
		{6C9C41B5-1E4A-4793-BD34-278450A3C8EE}.Release|Any CPU.ActiveCfg = Release|Any CPU
		{6C9C41B5-1E4A-4793-BD34-278450A3C8EE}.Release|Any CPU.Build.0 = Release|Any CPU
		{FDACD6DD-59B8-4928-A717-7139C2495F5D}.Debug|Any CPU.ActiveCfg = Debug|Any CPU
		{FDACD6DD-59B8-4928-A717-7139C2495F5D}.Debug|Any CPU.Build.0 = Debug|Any CPU
		{FDACD6DD-59B8-4928-A717-7139C2495F5D}.Debug|Any CPU.Deploy.0 = Debug|Any CPU
		{FDACD6DD-59B8-4928-A717-7139C2495F5D}.Release|Any CPU.ActiveCfg = Release|Any CPU
		{FDACD6DD-59B8-4928-A717-7139C2495F5D}.Release|Any CPU.Build.0 = Release|Any CPU
		{FDACD6DD-59B8-4928-A717-7139C2495F5D}.Release|Any CPU.Deploy.0 = Release|Any CPU
	EndGlobalSection
	GlobalSection(SolutionProperties) = preSolution
		HideSolutionNode = FALSE
	EndGlobalSection
	GlobalSection(ExtensibilityGlobals) = postSolution
		SolutionGuid = {983F7C71-25BB-4B3F-9703-3437C77272A5}
	EndGlobalSection
EndGlobal
